
Microsoft Visual Studio Solution File, Format Version 12.00
Project("{FAE04EC0-301F-11D3-BF4B-00C04F79EFBC}") = "BfresToCast", "BfresToCast\BfresToCast.csproj", "{D4302675-7B1F-47E7-98DD-01B8C3BCF8DC}"
EndProject
Global
	GlobalSection(SolutionConfigurationPlatforms) = preSolution
		Debug|Any CPU = Debug|Any CPU
		Release|Any CPU = Release|Any CPU
	EndGlobalSection
	GlobalSection(ProjectConfigurationPlatforms) = postSolution
		{D4302675-7B1F-47E7-98DD-01B8C3BCF8DC}.Debug|Any CPU.ActiveCfg = Debug|Any CPU
		{D4302675-7B1F-47E7-98DD-01B8C3BCF8DC}.Debug|Any CPU.Build.0 = Debug|Any CPU
		{D4302675-7B1F-47E7-98DD-01B8C3BCF8DC}.Release|Any CPU.ActiveCfg = Release|Any CPU
		{D4302675-7B1F-47E7-98DD-01B8C3BCF8DC}.Release|Any CPU.Build.0 = Release|Any CPU
	EndGlobalSection
EndGlobal
